
Microsoft Visual Studio Solution File, Format Version 12.00
# Visual Studio 2012
Project("{8BC9CEB8-8B4A-11D0-8D11-00A0C91BC942}") = "Laboratorinis", "Laboratorinis\Laboratorinis.vcxproj", "{35CEC976-15A0-4F52-87FF-378B02723278}"
EndProject
Global
	GlobalSection(SolutionConfigurationPlatforms) = preSolution
		Debug|Win32 = Debug|Win32
		Release|Win32 = Release|Win32
	EndGlobalSection
	GlobalSection(ProjectConfigurationPlatforms) = postSolution
		{35CEC976-15A0-4F52-87FF-378B02723278}.Debug|Win32.ActiveCfg = Debug|Win32
		{35CEC976-15A0-4F52-87FF-378B02723278}.Debug|Win32.Build.0 = Debug|Win32
		{35CEC976-15A0-4F52-87FF-378B02723278}.Release|Win32.ActiveCfg = Release|Win32
		{35CEC976-15A0-4F52-87FF-378B02723278}.Release|Win32.Build.0 = Release|Win32
	EndGlobalSection
	GlobalSection(SolutionProperties) = preSolution
		HideSolutionNode = FALSE
	EndGlobalSection
EndGlobal
